
Microsoft Visual Studio Solution File, Format Version 12.00
# Visual Studio Version 17
VisualStudioVersion = 17.7.34031.279
MinimumVisualStudioVersion = 10.0.40219.1
Project("{8BC9CEB8-8B4A-11D0-8D11-00A0C91BC942}") = "lab 2", "lab 2\lab 2.vcxproj", "{361CFAF6-A973-4649-B3C8-ACB505424ABA}"
EndProject
Global
	GlobalSection(SolutionConfigurationPlatforms) = preSolution
		Debug|x64 = Debug|x64
		Debug|x86 = Debug|x86
		Release|x64 = Release|x64
		Release|x86 = Release|x86
	EndGlobalSection
	GlobalSection(ProjectConfigurationPlatforms) = postSolution
		{361CFAF6-A973-4649-B3C8-ACB505424ABA}.Debug|x64.ActiveCfg = Debug|x64
		{361CFAF6-A973-4649-B3C8-ACB505424ABA}.Debug|x64.Build.0 = Debug|x64
		{361CFAF6-A973-4649-B3C8-ACB505424ABA}.Debug|x86.ActiveCfg = Debug|Win32
		{361CFAF6-A973-4649-B3C8-ACB505424ABA}.Debug|x86.Build.0 = Debug|Win32
		{361CFAF6-A973-4649-B3C8-ACB505424ABA}.Release|x64.ActiveCfg = Release|x64
		{361CFAF6-A973-4649-B3C8-ACB505424ABA}.Release|x64.Build.0 = Release|x64
		{361CFAF6-A973-4649-B3C8-ACB505424ABA}.Release|x86.ActiveCfg = Release|Win32
		{361CFAF6-A973-4649-B3C8-ACB505424ABA}.Release|x86.Build.0 = Release|Win32
	EndGlobalSection
	GlobalSection(SolutionProperties) = preSolution
		HideSolutionNode = FALSE
	EndGlobalSection
	GlobalSection(ExtensibilityGlobals) = postSolution
		SolutionGuid = {A5BD0987-90D5-4CC8-9E18-6F0E19E7914E}
	EndGlobalSection
EndGlobal
